PODS:
  - Kingfisher (5.15.8):
    - Kingfisher/Core (= 5.15.8)
  - Kingfisher/Core (5.15.8)
  - NVActivityIndicatorView (5.1.1):
    - NVActivityIndicatorView/Base (= 5.1.1)
  - NVActivityIndicatorView/Base (5.1.1)

DEPENDENCIES:
  - Kingfisher
  - NVActivityIndicatorView

SPEC REPOS:
  trunk:
    - Kingfisher
    - NVActivityIndicatorView

SPEC CHECKSUMS:
  Kingfisher: a3c03d702433fa6cfedabb2bddbe076fb8f2e902
  NVActivityIndicatorView: 1f6c5687f1171810aa27a3296814dc2d7dec3667

PODFILE CHECKSUM: 63a8673d81a0b69ef344e2187b52047bd9b15a5b

COCOAPODS: 1.9.0
